
Microsoft Visual Studio Solution File, Format Version 12.00
# Visual Studio 15
VisualStudioVersion = 15.0.27428.2027
MinimumVisualStudioVersion = 10.0.40219.1
Project("{9A19103F-16F7-4668-BE54-9A1E7A4F7556}") = "HeatDev", "server\HeatDev\HeatDev.csproj", "{6D74E2AA-189B-4D95-A80C-2192797913BB}"
EndProject
Project("{FAE04EC0-301F-11D3-BF4B-00C04F79EFBC}") = "HeatDevBLL", "server\HeatDevBLL\HeatDevBLL.csproj", "{A6472E9A-8361-40AB-BC7C-4ABC05750A16}"
EndProject
Global
	GlobalSection(SolutionConfigurationPlatforms) = preSolution
		Debug|Any CPU = Debug|Any CPU
		Release|Any CPU = Release|Any CPU
	EndGlobalSection
	GlobalSection(ProjectConfigurationPlatforms) = postSolution
		{6D74E2AA-189B-4D95-A80C-2192797913BB}.Debug|Any CPU.ActiveCfg = Debug|Any CPU
		{6D74E2AA-189B-4D95-A80C-2192797913BB}.Debug|Any CPU.Build.0 = Debug|Any CPU
		{6D74E2AA-189B-4D95-A80C-2192797913BB}.Release|Any CPU.ActiveCfg = Release|Any CPU
		{6D74E2AA-189B-4D95-A80C-2192797913BB}.Release|Any CPU.Build.0 = Release|Any CPU
		{A6472E9A-8361-40AB-BC7C-4ABC05750A16}.Debug|Any CPU.ActiveCfg = Debug|Any CPU
		{A6472E9A-8361-40AB-BC7C-4ABC05750A16}.Debug|Any CPU.Build.0 = Debug|Any CPU
		{A6472E9A-8361-40AB-BC7C-4ABC05750A16}.Release|Any CPU.ActiveCfg = Release|Any CPU
		{A6472E9A-8361-40AB-BC7C-4ABC05750A16}.Release|Any CPU.Build.0 = Release|Any CPU
	EndGlobalSection
	GlobalSection(SolutionProperties) = preSolution
		HideSolutionNode = FALSE
	EndGlobalSection
	GlobalSection(ExtensibilityGlobals) = postSolution
		SolutionGuid = {9EB63FE7-14D4-4034-9047-00B582A158E9}
	EndGlobalSection
EndGlobal
